{
  "name": "typescriptnote",
  "version": "1.0.0",
  "lockfileVersion": 1,
  "requires": true,
  "dependencies": {
    "mobx": {
      "version": "5.15.7",
      "resolved": "https://registry.npmjs.org/mobx/-/mobx-5.15.7.tgz",
      "integrity": "sha512-wyM3FghTkhmC+hQjyPGGFdpehrcX1KOXsDuERhfK2YbJemkUhEB+6wzEN639T21onxlfYBmriA1PFnvxTUhcKw=="
    }
  }
}
